
Microsoft Visual Studio Solution File, Format Version 12.00
# Visual Studio 15
VisualStudioVersion = 15.0.28307.421
MinimumVisualStudioVersion = 10.0.40219.1
Project("{FAE04EC0-301F-11D3-BF4B-00C04F79EFBC}") = "MVCSozluk", "MVCSozluk\MVCSozluk.csproj", "{976DA8D0-E5E2-4313-A4BD-A86385FC9797}"
EndProject
Project("{FAE04EC0-301F-11D3-BF4B-00C04F79EFBC}") = "Entity", "Entity\Entity.csproj", "{D145839E-BE9D-45BB-90ED-DF643C779731}"
EndProject
Project("{FAE04EC0-301F-11D3-BF4B-00C04F79EFBC}") = "DAL", "DAL\DAL.csproj", "{E9314901-7B06-41B2-9323-6579D4F7DFB5}"
EndProject
Project("{FAE04EC0-301F-11D3-BF4B-00C04F79EFBC}") = "BLL", "BLL\BLL.csproj", "{A7CBB32D-3384-4D48-8EBF-8FABED3A9763}"
EndProject
Project("{FAE04EC0-301F-11D3-BF4B-00C04F79EFBC}") = "WebAPIServis", "WebAPIServis\WebAPIServis.csproj", "{2A0CB26E-378E-425A-BBFA-605041BEC0B9}"
EndProject
Global
	GlobalSection(SolutionConfigurationPlatforms) = preSolution
		Debug|Any CPU = Debug|Any CPU
		Release|Any CPU = Release|Any CPU
	EndGlobalSection
	GlobalSection(ProjectConfigurationPlatforms) = postSolution
		{976DA8D0-E5E2-4313-A4BD-A86385FC9797}.Debug|Any CPU.ActiveCfg = Debug|Any CPU
		{976DA8D0-E5E2-4313-A4BD-A86385FC9797}.Debug|Any CPU.Build.0 = Debug|Any CPU
		{976DA8D0-E5E2-4313-A4BD-A86385FC9797}.Release|Any CPU.ActiveCfg = Release|Any CPU
		{976DA8D0-E5E2-4313-A4BD-A86385FC9797}.Release|Any CPU.Build.0 = Release|Any CPU
		{D145839E-BE9D-45BB-90ED-DF643C779731}.Debug|Any CPU.ActiveCfg = Debug|Any CPU
		{D145839E-BE9D-45BB-90ED-DF643C779731}.Debug|Any CPU.Build.0 = Debug|Any CPU
		{D145839E-BE9D-45BB-90ED-DF643C779731}.Release|Any CPU.ActiveCfg = Release|Any CPU
		{D145839E-BE9D-45BB-90ED-DF643C779731}.Release|Any CPU.Build.0 = Release|Any CPU
		{E9314901-7B06-41B2-9323-6579D4F7DFB5}.Debug|Any CPU.ActiveCfg = Debug|Any CPU
		{E9314901-7B06-41B2-9323-6579D4F7DFB5}.Debug|Any CPU.Build.0 = Debug|Any CPU
		{E9314901-7B06-41B2-9323-6579D4F7DFB5}.Release|Any CPU.ActiveCfg = Release|Any CPU
		{E9314901-7B06-41B2-9323-6579D4F7DFB5}.Release|Any CPU.Build.0 = Release|Any CPU
		{A7CBB32D-3384-4D48-8EBF-8FABED3A9763}.Debug|Any CPU.ActiveCfg = Debug|Any CPU
		{A7CBB32D-3384-4D48-8EBF-8FABED3A9763}.Debug|Any CPU.Build.0 = Debug|Any CPU
		{A7CBB32D-3384-4D48-8EBF-8FABED3A9763}.Release|Any CPU.ActiveCfg = Release|Any CPU
		{A7CBB32D-3384-4D48-8EBF-8FABED3A9763}.Release|Any CPU.Build.0 = Release|Any CPU
		{2A0CB26E-378E-425A-BBFA-605041BEC0B9}.Debug|Any CPU.ActiveCfg = Debug|Any CPU
		{2A0CB26E-378E-425A-BBFA-605041BEC0B9}.Debug|Any CPU.Build.0 = Debug|Any CPU
		{2A0CB26E-378E-425A-BBFA-605041BEC0B9}.Release|Any CPU.ActiveCfg = Release|Any CPU
		{2A0CB26E-378E-425A-BBFA-605041BEC0B9}.Release|Any CPU.Build.0 = Release|Any CPU
	EndGlobalSection
	GlobalSection(SolutionProperties) = preSolution
		HideSolutionNode = FALSE
	EndGlobalSection
	GlobalSection(ExtensibilityGlobals) = postSolution
		SolutionGuid = {32381E3A-180F-4E75-BAE9-375E85488677}
	EndGlobalSection
EndGlobal
